github.com/mnehpets/fs v0.2.0 h1:lCOG4Ak9pBDBzTftogkBAYhJTnKND9v5Pu0oOUhgwBI=
github.com/mnehpets/fs v0.2.0/go.mod h1:gLCu6WYenngFeQ3R0zLrVxftqiLAWLFNYPJI1sEB52c=
github.com/mnehpets/fs v0.3.0 h1:CDA6iNKz+CDy9Tcm9lqqxFenS1vRbVw1MsfHc5TUoog=
github.com/mnehpets/fs v0.3.0/go.mod h1:gLCu6WYenngFeQ3R0zLrVxftqiLAWLFNYPJI1sEB52c=
github.com/mnehpets/http v0.5.0 h1:JAwexn77PHgljNfwmwd/L5rbLBwYOhrZm14xHQdxNBI=
github.com/mnehpets/http v0.5.0/go.mod h1:AxQVUWE4dBwQmL4d3GPxysm23P5wRxSAH2xSwR5uIA4=
github.com/mnehpets/http v0.6.0 h1:Yx89vZv1HKHpCSeeV880TN5zvaZ+pmMoHl8pxzMtdqY=
github.com/mnehpets/http v0.6.0/go.mod h1:AxQVUWE4dBwQmL4d3GPxysm23P5wRxSAH2xSwR5uIA4=
github.com/yuin/goldmark v1.7.16 h1:n+CJdUxaFMiDUNnWC3dMWCIQJSkxH4uz3ZwQBkAlVNE=
github.com/yuin/goldmark v1.7.16/go.mod h1:ip/1k0VRfGynBgxOz0yCqHrbZXhcjxyuS66Brc7iBKg=
github.com/yuin/goldmark-meta v1.1.0 h1:pWw+JLHGZe8Rk0EGsMVssiNb/AaPMHfSRszZeUeiOUc=
github.com/yuin/goldmark-meta v1.1.0/go.mod h1:U4spWENafuA7Zyg+Lj5RqK/MF+ovMYtBvXi1lBb2VP0=
golang.org/x/net v0.52.0 h1:He/TN1l0e4mmR3QqHMT2Xab3Aj3L9qjbhRm78/6jrW0=
golang.org/x/net v0.52.0/go.mod h1:R1MAz7uMZxVMualyPXb+VaqGSa3LIaUqk0eEt3w36Sw=
gopkg.in/check.v1 v0.0.0-20161208181325-20d25e280405 h1:yhCVgyC4o1eVCa2tZl7eS0r+SDo693bJlVdllGtEeKM=
gopkg.in/check.v1 v0.0.0-20161208181325-20d25e280405/go.mod h1:Co6ibVJAznAaIkqp8huTwlJQCZ016jof/cbN4VW5Yz0=
gopkg.in/yaml.v2 v2.3.0 h1:clyUAQHOM3G0M3f5vQj7LuJrETvjVot3Z5el9nffUtU=
gopkg.in/yaml.v2 v2.3.0/go.mod h1:hI93XBmqTisBFMUTm0b8Fm+jr3Dg1NNxqwp+5A1VGuI=
